<?xml version="1.0" encoding="utf-8"?>
<Project ToolsVersion="4.0" xmlns="http://schemas.microsoft.com/developer/msbuild/2003">
  <ItemGroup>
    <ClCompile Include="DiPlayer.cpp">
      <Filter>Contents</Filter>
    </ClCompile>
    <ClCompile Include="DiPlayScene.cpp">
      <Filter>Scenes</Filter>
    </ClCompile>
  </ItemGroup>
  <ItemGroup>
    <ClInclude Include="DiPlayer.h">
      <Filter>Contents</Filter>
    </ClInclude>
    <ClInclude Include="DiLoadScene.h">
      <Filter>Scenes</Filter>
    </ClInclude>
    <ClInclude Include="DiPlayScene.h">
      <Filter>Scenes</Filter>
    </ClInclude>
  </ItemGroup>
  <ItemGroup>
    <Filter Include="Contents">
      <UniqueIdentifier>{b48c2f4e-c5c9-457d-acfb-dfc787d1992d}</UniqueIdentifier>
    </Filter>
    <Filter Include="Scenes">
      <UniqueIdentifier>{0d305412-bfa0-4a7c-896d-a0c05b3bb6ba}</UniqueIdentifier>
    </Filter>
  </ItemGroup>
</Project>